
Microsoft Visual Studio Solution File, Format Version 12.00
# Visual Studio Version 16
VisualStudioVersion = 16.0.29806.167
MinimumVisualStudioVersion = 10.0.40219.1
Project("{FAE04EC0-301F-11D3-BF4B-00C04F79EFBC}") = "mscc", "mscc.csproj", "{4BEC4BAE-BFEA-4FBA-93E3-679D9559569D}"
EndProject
Project("{2150E333-8FDC-42A3-9474-1A3956D46DE8}") = "Solution Items", "Solution Items", "{F3DEE426-2C60-465A-B045-0A454BB2FD38}"
EndProject
Global
	GlobalSection(SolutionConfigurationPlatforms) = preSolution
		RPi|x64 = RPi|x64
		RPi|x86 = RPi|x86
		stew|x64 = stew|x64
		stew|x86 = stew|x86
		Windows|x64 = Windows|x64
		Windows|x86 = Windows|x86
	EndGlobalSection
	GlobalSection(ProjectConfigurationPlatforms) = postSolution
		{4BEC4BAE-BFEA-4FBA-93E3-679D9559569D}.RPi|x64.ActiveCfg = RPi|x64
		{4BEC4BAE-BFEA-4FBA-93E3-679D9559569D}.RPi|x64.Build.0 = RPi|x64
		{4BEC4BAE-BFEA-4FBA-93E3-679D9559569D}.RPi|x86.ActiveCfg = RPi|x86
		{4BEC4BAE-BFEA-4FBA-93E3-679D9559569D}.RPi|x86.Build.0 = RPi|x86
		{4BEC4BAE-BFEA-4FBA-93E3-679D9559569D}.stew|x64.ActiveCfg = stew|Any CPU
		{4BEC4BAE-BFEA-4FBA-93E3-679D9559569D}.stew|x64.Build.0 = stew|x64
		{4BEC4BAE-BFEA-4FBA-93E3-679D9559569D}.stew|x86.ActiveCfg = stew|x86
		{4BEC4BAE-BFEA-4FBA-93E3-679D9559569D}.stew|x86.Build.0 = stew|x86
		{4BEC4BAE-BFEA-4FBA-93E3-679D9559569D}.Windows|x64.ActiveCfg = Windows|Any CPU
		{4BEC4BAE-BFEA-4FBA-93E3-679D9559569D}.Windows|x64.Build.0 = Windows|x64
		{4BEC4BAE-BFEA-4FBA-93E3-679D9559569D}.Windows|x86.ActiveCfg = Windows|x86
		{4BEC4BAE-BFEA-4FBA-93E3-679D9559569D}.Windows|x86.Build.0 = Windows|x86
	EndGlobalSection
	GlobalSection(SolutionProperties) = preSolution
		HideSolutionNode = FALSE
	EndGlobalSection
	GlobalSection(ExtensibilityGlobals) = postSolution
		SolutionGuid = {78001392-8B9A-44D7-BD8A-603993B66F51}
	EndGlobalSection
EndGlobal
